
Microsoft Visual Studio Solution File, Format Version 12.00
# Visual Studio Version 16
VisualStudioVersion = 16.0.30503.244
MinimumVisualStudioVersion = 10.0.40219.1
Project("{FAE04EC0-301F-11D3-BF4B-00C04F79EFBC}") = "AuthenticateMicroservice", "AuthenticateMicroservice.csproj", "{B86928B9-DBB2-4E69-B2B3-CF3BCA7F65F9}"
EndProject
Project("{FAE04EC0-301F-11D3-BF4B-00C04F79EFBC}") = "AuthenticateMicroserviceUnit", "..\AuthenticateMicroserviceUnit\AuthenticateMicroserviceUnit.csproj", "{11695156-0591-4FD8-8A64-B04E24122915}"
EndProject
Global
	GlobalSection(SolutionConfigurationPlatforms) = preSolution
		Debug|Any CPU = Debug|Any CPU
		Release|Any CPU = Release|Any CPU
	EndGlobalSection
	GlobalSection(ProjectConfigurationPlatforms) = postSolution
		{B86928B9-DBB2-4E69-B2B3-CF3BCA7F65F9}.Debug|Any CPU.ActiveCfg = Debug|Any CPU
		{B86928B9-DBB2-4E69-B2B3-CF3BCA7F65F9}.Debug|Any CPU.Build.0 = Debug|Any CPU
		{B86928B9-DBB2-4E69-B2B3-CF3BCA7F65F9}.Release|Any CPU.ActiveCfg = Release|Any CPU
		{B86928B9-DBB2-4E69-B2B3-CF3BCA7F65F9}.Release|Any CPU.Build.0 = Release|Any CPU
		{11695156-0591-4FD8-8A64-B04E24122915}.Debug|Any CPU.ActiveCfg = Debug|Any CPU
		{11695156-0591-4FD8-8A64-B04E24122915}.Debug|Any CPU.Build.0 = Debug|Any CPU
		{11695156-0591-4FD8-8A64-B04E24122915}.Release|Any CPU.ActiveCfg = Release|Any CPU
		{11695156-0591-4FD8-8A64-B04E24122915}.Release|Any CPU.Build.0 = Release|Any CPU
	EndGlobalSection
	GlobalSection(SolutionProperties) = preSolution
		HideSolutionNode = FALSE
	EndGlobalSection
	GlobalSection(ExtensibilityGlobals) = postSolution
		SolutionGuid = {8A2F17E7-5F07-489D-BFBB-239267EF2937}
	EndGlobalSection
EndGlobal
